
Microsoft Visual Studio Solution File, Format Version 12.00
# Visual Studio Version 17
VisualStudioVersion = 17.4.33213.308
MinimumVisualStudioVersion = 10.0.40219.1
Project("{FAE04EC0-301F-11D3-BF4B-00C04F79EFBC}") = "PersonAJAX", "PersonAJAX\PersonAJAX.csproj", "{2D67CB55-FEB2-4A2C-9AAE-02313AE49B1C}"
EndProject
Global
	GlobalSection(SolutionConfigurationPlatforms) = preSolution
		Debug|Any CPU = Debug|Any CPU
		Release|Any CPU = Release|Any CPU
	EndGlobalSection
	GlobalSection(ProjectConfigurationPlatforms) = postSolution
		{2D67CB55-FEB2-4A2C-9AAE-02313AE49B1C}.Debug|Any CPU.ActiveCfg = Debug|Any CPU
		{2D67CB55-FEB2-4A2C-9AAE-02313AE49B1C}.Debug|Any CPU.Build.0 = Debug|Any CPU
		{2D67CB55-FEB2-4A2C-9AAE-02313AE49B1C}.Release|Any CPU.ActiveCfg = Release|Any CPU
		{2D67CB55-FEB2-4A2C-9AAE-02313AE49B1C}.Release|Any CPU.Build.0 = Release|Any CPU
	EndGlobalSection
	GlobalSection(SolutionProperties) = preSolution
		HideSolutionNode = FALSE
	EndGlobalSection
	GlobalSection(ExtensibilityGlobals) = postSolution
		SolutionGuid = {44959710-A6C9-460D-8DF0-E6FAD8F66FB7}
	EndGlobalSection
EndGlobal
